<?xml version="1.0" encoding="utf-8"?>
<Project ToolsVersion="4.0" xmlns="http://schemas.microsoft.com/developer/msbuild/2003">
  <ItemGroup>
    <Filter Include="Source Files">
      <UniqueIdentifier>{4FC737F1-C7A5-4376-A066-2A32D752A2FF}</UniqueIdentifier>
      <Extensions>cpp;c;cc;cxx;c++;cppm;ixx;def;odl;idl;hpj;bat;asm;asmx</Extensions>
    </Filter>
    <Filter Include="Header Files">
      <UniqueIdentifier>{93995380-89BD-4b04-88EB-625FBE52EBFB}</UniqueIdentifier>
      <Extensions>h;hh;hpp;hxx;h++;hm;inl;inc;ipp;xsd</Extensions>
    </Filter>
    <Filter Include="Resource Files">
      <UniqueIdentifier>{67DA6AB6-F800-4c08-8B7A-83BB121AAD01}</UniqueIdentifier>
      <Extensions>rc;ico;cur;bmp;dlg;rc2;rct;bin;rgs;gif;jpg;jpeg;jpe;resx;tiff;tif;png;wav;mfcribbon-ms</Extensions>
    </Filter>
  </ItemGroup>
  <ItemGroup>
    <ClCompile Include="main.cpp">
      <Filter>Source Files</Filter>
    </ClCompile>
    <ClCompile Include="Component.cpp">
      <Filter>Source Files</Filter>
    </ClCompile>
    <ClCompile Include="Engine.cpp">
      <Filter>Source Files</Filter>
    </ClCompile>
    <ClCompile Include="FileParser.cpp">
      <Filter>Source Files</Filter>
    </ClCompile>
    <ClCompile Include="IJsonFacade.cpp">
      <Filter>Source Files</Filter>
    </ClCompile>
    <ClCompile Include="IParticleFacade.cpp">
      <Filter>Source Files</Filter>
    </ClCompile>
    <ClCompile Include="IPhysicsFacade.cpp">
      <Filter>Source Files</Filter>
    </ClCompile>
    <ClCompile Include="ISoundFacade.cpp">
      <Filter>Source Files</Filter>
    </ClCompile>
    <ClCompile Include="IUserInputFacade.cpp">
      <Filter>Source Files</Filter>
    </ClCompile>
    <ClCompile Include="IVideoFacade.cpp">
      <Filter>Source Files</Filter>
    </ClCompile>
    <ClCompile Include="JsonFacade.cpp">
      <Filter>Source Files</Filter>
    </ClCompile>
    <ClCompile Include="ParticleEngine.cpp">
      <Filter>Source Files</Filter>
    </ClCompile>
    <ClCompile Include="ParticleFacade.cpp">
      <Filter>Source Files</Filter>
    </ClCompile>
    <ClCompile Include="PhysicsEngine.cpp">
      <Filter>Source Files</Filter>
    </ClCompile>
    <ClCompile Include="PhysicsFacade.cpp">
      <Filter>Source Files</Filter>
    </ClCompile>
    <ClCompile Include="Scene.cpp">
      <Filter>Source Files</Filter>
    </ClCompile>
    <ClCompile Include="Sound.cpp">
      <Filter>Source Files</Filter>
    </ClCompile>
    <ClCompile Include="SoundFacade.cpp">
      <Filter>Source Files</Filter>
    </ClCompile>
    <ClCompile Include="Sprite.cpp">
      <Filter>Source Files</Filter>
    </ClCompile>
    <ClCompile Include="UserInput.cpp">
      <Filter>Source Files</Filter>
    </ClCompile>
    <ClCompile Include="UserInputFacade.cpp">
      <Filter>Source Files</Filter>
    </ClCompile>
    <ClCompile Include="Video.cpp">
      <Filter>Source Files</Filter>
    </ClCompile>
    <ClCompile Include="VideoFacade.cpp">
      <Filter>Source Files</Filter>
    </ClCompile>
  </ItemGroup>
  <ItemGroup>
    <None Include="ClassDiagram.cd" />
  </ItemGroup>
  <ItemGroup>
    <ClInclude Include="Component.h">
      <Filter>Header Files</Filter>
    </ClInclude>
    <ClInclude Include="Engine.h">
      <Filter>Header Files</Filter>
    </ClInclude>
    <ClInclude Include="FileParser.h">
      <Filter>Header Files</Filter>
    </ClInclude>
    <ClInclude Include="IJsonFacade.h">
      <Filter>Header Files</Filter>
    </ClInclude>
    <ClInclude Include="IParticleFacade.h">
      <Filter>Header Files</Filter>
    </ClInclude>
    <ClInclude Include="IPhysicsFacade.h">
      <Filter>Header Files</Filter>
    </ClInclude>
    <ClInclude Include="ISoundFacade.h">
      <Filter>Header Files</Filter>
    </ClInclude>
    <ClInclude Include="IUserInputFacade.h">
      <Filter>Header Files</Filter>
    </ClInclude>
    <ClInclude Include="IVideoFacade.h">
      <Filter>Header Files</Filter>
    </ClInclude>
    <ClInclude Include="JsonFacade.h">
      <Filter>Header Files</Filter>
    </ClInclude>
    <ClInclude Include="Object.h">
      <Filter>Header Files</Filter>
    </ClInclude>
    <ClInclude Include="ParticleEngine.h">
      <Filter>Header Files</Filter>
    </ClInclude>
    <ClInclude Include="ParticleFacade.h">
      <Filter>Header Files</Filter>
    </ClInclude>
    <ClInclude Include="PhysicsEngine.h">
      <Filter>Header Files</Filter>
    </ClInclude>
    <ClInclude Include="PhysicsFacade.h">
      <Filter>Header Files</Filter>
    </ClInclude>
    <ClInclude Include="Scene.h">
      <Filter>Header Files</Filter>
    </ClInclude>
    <ClInclude Include="Sound.h">
      <Filter>Header Files</Filter>
    </ClInclude>
    <ClInclude Include="SoundFacade.h">
      <Filter>Header Files</Filter>
    </ClInclude>
    <ClInclude Include="Sprite.h">
      <Filter>Header Files</Filter>
    </ClInclude>
    <ClInclude Include="UserInput.h">
      <Filter>Header Files</Filter>
    </ClInclude>
    <ClInclude Include="UserInputFacade.h">
      <Filter>Header Files</Filter>
    </ClInclude>
    <ClInclude Include="Video.h">
      <Filter>Header Files</Filter>
    </ClInclude>
    <ClInclude Include="VideoFacade.h">
      <Filter>Header Files</Filter>
    </ClInclude>
  </ItemGroup>
</Project>