<?xml version="1.0" encoding="utf-8"?>
<Project ToolsVersion="4.0" xmlns="http://schemas.microsoft.com/developer/msbuild/2003">
  <ItemGroup>
    <ClCompile Include="Engine\Engine.cpp" />
    <ClCompile Include="Engine\FileParser\FileParser.cpp" />
    <ClCompile Include="Engine\General\GeneralHelperFunctions.cpp" />
    <ClCompile Include="Engine\FileParser\JsonFacade.cpp" />
    <ClCompile Include="Engine\Input\InputFacade.cpp" />
    <ClCompile Include="Engine\Input\InputEngine.cpp" />
    <ClCompile Include="Engine\stdafx.cpp" />
    <ClCompile Include="Engine\Events\EventSingleton.cpp" />
    <ClCompile Include="Main\main.cpp" />
    <ClCompile Include="Engine\SceneManager\Object.cpp" />
    <ClCompile Include="Engine\Particles\ParticleEngine.cpp" />
    <ClCompile Include="Engine\Particles\ParticleFacade.cpp" />
    <ClCompile Include="Engine\Physics\PhysicsBody.cpp" />
    <ClCompile Include="Engine\Physics\PhysicsEngine.cpp" />
    <ClCompile Include="Engine\Physics\PhysicsFacade.cpp" />
    <ClCompile Include="Engine\SceneManager\Scene.cpp" />
    <ClCompile Include="Engine\SceneManager\SceneManager.cpp" />
    <ClCompile Include="Engine\Video\VideoEngine.cpp" />
    <ClCompile Include="Engine\Video\VideoFacade.cpp" />
    <ClCompile Include="Engine\Sound\SoundFacade.cpp" />
    <ClCompile Include="Engine\Sound\SoundEngine.cpp" />
    <ClCompile Include="Engine\Input\Commands.cpp" />
    <ClCompile Include="Engine\Fps\FrameData.cpp" />
  </ItemGroup>
  <ItemGroup>
    <ClCompile Include="Engine\Engine.cpp">
      <Filter>Header Files</Filter>
    </ClCompile>
    <ClCompile Include="Engine\SceneManager\Object.cpp">
      <Filter>Header Files\Object</Filter>
    </ClCompile>
    <ClCompile Include="Engine\SceneManager\Scene.cpp">
      <Filter>Header Files\Object</Filter>
    </ClCompile>
    <ClCompile Include="Engine\SceneManager\SceneManager.cpp">
      <Filter>Header Files\Object</Filter>
    </ClCompile>
    <ClCompile Include="Engine\Particles\ParticleEngine.cpp">
      <Filter>Header Files\Particle</Filter>
    </ClCompile>
    <ClCompile Include="Engine\Particles\ParticleFacade.cpp">
      <Filter>Header Files\Particle</Filter>
    </ClCompile>
    <ClCompile Include="Engine\Physics\PhysicsFacade.cpp">
      <Filter>Header Files\Physics</Filter>
    </ClCompile>
    <ClCompile Include="Engine\Physics\PhysicsEngine.cpp">
      <Filter>Header Files\Physics</Filter>
    </ClCompile>
    <ClCompile Include="Engine\Physics\PhysicsBody.cpp">
      <Filter>Header Files\Physics</Filter>
    </ClCompile>
    <ClCompile Include="Engine\General\GeneralHelperFunctions.cpp">
      <Filter>Header Files\General</Filter>
    </ClCompile>
    <ClCompile Include="Main\main.cpp">
      <Filter>Source Files</Filter>
    </ClCompile>
    <ClCompile Include="Engine\FileParser\FileParser.cpp">
      <Filter>Header Files\FileIO</Filter>
    </ClCompile>
    <ClCompile Include="Engine\FileParser\JsonFacade.cpp">
      <Filter>Header Files\FileIO</Filter>
    </ClCompile>
    <ClCompile Include="Engine\stdafx.cpp">
      <Filter>Source Files</Filter>
    </ClCompile>
    <ClCompile Include="Engine\Video\VideoEngine.cpp">
      <Filter>Source Files</Filter>
    </ClCompile>
    <ClCompile Include="Engine\Video\VideoFacade.cpp">
      <Filter>Source Files</Filter>
    </ClCompile>
    <ClCompile Include="Engine\Sound\SoundFacade.cpp">
      <Filter>Source Files</Filter>
    </ClCompile>
    <ClCompile Include="Engine\Sound\SoundEngine.cpp">
      <Filter>Source Files</Filter>
    </ClCompile>
    <ClCompile Include="Engine\Input\InputFacade.cpp">
      <Filter>Source Files</Filter>
    </ClCompile>
    <ClCompile Include="Engine\Input\InputEngine.cpp">
      <Filter>Source Files</Filter>
    </ClCompile>
  </ItemGroup>
  <ItemGroup>
    <ClInclude Include="Engine\Events\Event.h" />
    <ClInclude Include="Engine\Events\codes\KeyCodes.h" />
    <ClInclude Include="Engine\Events\EventType.h" />
    <ClInclude Include="Engine\Events\Key\KeyEvent.h" />
    <ClInclude Include="Engine\Events\Key\KeyPressed.h" />
    <ClInclude Include="Engine\Events\Key\KeyReleased.h" />
    <ClInclude Include="Engine\Events\codes\MouseCodes.h" />
    <ClInclude Include="Engine\Events\Key\KeyTyped.h" />
    <ClInclude Include="Engine\Events\mouse\MouseButtonEvent.h" />
    <ClInclude Include="Engine\Events\mouse\MouseMoved.h" />
    <ClInclude Include="Engine\Events\mouse\MousePressed.h" />
    <ClInclude Include="Engine\Events\mouse\MouseReleased.h" />
    <ClInclude Include="Engine\Events\Mouse\MouseScrolledEvent.h" />
    <ClInclude Include="Engine\Events\ObjectEventCodes.h" />
    <ClInclude Include="Engine\Events\Window\WindowCloseEvent.h" />
    <ClInclude Include="Engine\Events\Window\WindowResizeEvent.h" />
    <ClInclude Include="Engine\General\Debug.h" />
    <ClInclude Include="Engine\Engine.h" />
    <ClInclude Include="Engine\General\ErrorCodes.h" />
    <ClInclude Include="Engine\FileParser\FileParser.h" />
    <ClInclude Include="Engine\General\GeneralDefines.h" />
    <ClInclude Include="Engine\FileParser\IJsonFacade.h" />
    <ClInclude Include="Engine\Input\IInputFacade.h" />
    <ClInclude Include="Engine\Input\InputFacade.h" />
    <ClInclude Include="Engine\Input\InputEngine.h" />
    <ClInclude Include="Engine\Particles\IParticleFacade.h" />
    <ClInclude Include="Engine\Physics\IPhysicsFacade.h" />
    <ClInclude Include="Engine\stdafx.h" />
    <ClInclude Include="Engine\FileParser\JsonFacade.h" />
    <ClInclude Include="Engine\SceneManager\Object.h" />
    <ClInclude Include="Engine\Particles\ParticleEngine.h" />
    <ClInclude Include="Engine\Particles\ParticleFacade.h" />
    <ClInclude Include="Engine\Physics\PhysicsBody.h" />
    <ClInclude Include="Engine\Physics\PhysicsEngine.h" />
    <ClInclude Include="Engine\Physics\PhysicsFacade.h" />
    <ClInclude Include="Engine\SceneManager\Scene.h" />
    <ClInclude Include="Engine\SceneManager\SceneManager.h" />
    <ClInclude Include="Engine\General\Version.h" />
    <ClInclude Include="Engine\Events\EventSingleton.h" />
    <ClInclude Include="Engine\Video\IVideoFacade.h" />
    <ClInclude Include="Engine\Video\VideoEngine.h" />
    <ClInclude Include="Engine\Video\VideoFacade.h" />
    <ClInclude Include="Engine\Sound\ISoundFacade.h" />
    <ClInclude Include="Engine\Sound\SoundFacade.h" />
    <ClInclude Include="Engine\Sound\SoundEngine.h" />
    <ClInclude Include="Engine\Events\AppTickEvent60.h" />
    <ClInclude Include="Engine\Events\AppTickEvent30.h" />
    <ClInclude Include="Engine\Events\EventType.h" />
    <ClInclude Include="Engine\General\Debug.h" />
    <ClInclude Include="Engine\Engine.h" />
    <ClInclude Include="Engine\General\ErrorCodes.h" />
    <ClInclude Include="Engine\FileParser\FileParser.h" />
    <ClInclude Include="Engine\General\GeneralDefines.h" />
    <ClInclude Include="Engine\FileParser\IJsonFacade.h" />
    <ClInclude Include="Engine\Input\Commands.h" />
    <ClInclude Include="Engine\Input\IInputFacade.h" />
    <ClInclude Include="Engine\Input\InputConstants.h" />
    <ClInclude Include="Engine\Input\InputFacade.h" />
    <ClInclude Include="Engine\Input\InputEngine.h" />
    <ClInclude Include="Engine\Particles\IParticleFacade.h" />
    <ClInclude Include="Engine\Physics\IPhysicsFacade.h" />
    <ClInclude Include="Engine\stdafx.h" />
    <ClInclude Include="Engine\FileParser\JsonFacade.h" />
    <ClInclude Include="Engine\SceneManager\Object.h" />
    <ClInclude Include="Engine\Particles\ParticleEngine.h" />
    <ClInclude Include="Engine\Particles\ParticleFacade.h" />
    <ClInclude Include="Engine\Physics\PhysicsBody.h" />
    <ClInclude Include="Engine\Physics\PhysicsEngine.h" />
    <ClInclude Include="Engine\Physics\PhysicsFacade.h" />
    <ClInclude Include="Engine\SceneManager\Scene.h" />
    <ClInclude Include="Engine\SceneManager\SceneManager.h" />
    <ClInclude Include="Engine\General\Version.h" />
    <ClInclude Include="Engine\Video\IVideoFacade.h" />
    <ClInclude Include="Engine\Video\VideoEngine.h" />
    <ClInclude Include="Engine\Video\VideoFacade.h" />
    <ClInclude Include="Engine\Sound\ISoundFacade.h" />
    <ClInclude Include="Engine\Sound\SoundFacade.h" />
    <ClInclude Include="Engine\Sound\SoundEngine.h" />
    <ClInclude Include="Engine\Events\Action\ActionEvent.h" />
    <ClInclude Include="Engine\Fps\FrameData.h" />
    <ClInclude Include="Engine\SceneManager\Layer.h" />
  </ItemGroup>
  <ItemGroup>
    <Text Include="Engine\Documentation\PointerUsage.md" />
  </ItemGroup>
</Project>