<?xml version="1.0" encoding="utf-8"?>
<Project ToolsVersion="4.0" xmlns="http://schemas.microsoft.com/developer/msbuild/2003">
  <ItemGroup>
    <Filter Include="Source Files">
      <UniqueIdentifier>{4FC737F1-C7A5-4376-A066-2A32D752A2FF}</UniqueIdentifier>
      <Extensions>cpp;c;cc;cxx;c++;cppm;ixx;def;odl;idl;hpj;bat;asm;asmx</Extensions>
    </Filter>
    <Filter Include="Header Files">
      <UniqueIdentifier>{93995380-89BD-4b04-88EB-625FBE52EBFB}</UniqueIdentifier>
      <Extensions>h;hh;hpp;hxx;h++;hm;inl;inc;ipp;xsd</Extensions>
    </Filter>
    <Filter Include="Resource Files">
      <UniqueIdentifier>{67DA6AB6-F800-4c08-8B7A-83BB121AAD01}</UniqueIdentifier>
      <Extensions>rc;ico;cur;bmp;dlg;rc2;rct;bin;rgs;gif;jpg;jpeg;jpe;resx;tiff;tif;png;wav;mfcribbon-ms</Extensions>
    </Filter>
    <Filter Include="Header Files\Particle">
      <UniqueIdentifier>{c141fdb4-5d33-489f-8b3b-96dd20a5678d}</UniqueIdentifier>
    </Filter>
    <Filter Include="Header Files\FileIO">
      <UniqueIdentifier>{8d954043-8d70-442c-80a4-436266ab0488}</UniqueIdentifier>
    </Filter>
    <Filter Include="Header Files\Physics">
      <UniqueIdentifier>{2d60673c-c8e9-4964-981a-505abd032f56}</UniqueIdentifier>
    </Filter>
    <Filter Include="Header Files\General">
      <UniqueIdentifier>{f1c55ea4-7bc1-4225-9d63-1ca1c3b81cb2}</UniqueIdentifier>
    </Filter>
    <Filter Include="Header Files\Sound &amp; Input &amp; Video">
      <UniqueIdentifier>{52cd5157-a6b4-4f37-b2e0-69bab15634a9}</UniqueIdentifier>
    </Filter>
    <Filter Include="Header Files\Sound &amp; Input &amp; Video\SDL2 Facade">
      <UniqueIdentifier>{6d406e54-9816-4a1d-84a4-e7ca53466129}</UniqueIdentifier>
    </Filter>
    <Filter Include="Header Files\Sound &amp; Input &amp; Video\SDL2 Interface">
      <UniqueIdentifier>{43c75b35-7bb9-4e98-ba23-1416f4fca9ea}</UniqueIdentifier>
    </Filter>
    <Filter Include="Header Files\Sound &amp; Input &amp; Video\SDL2 Wrapper">
      <UniqueIdentifier>{199fce93-79d1-4d55-aaf0-2e65e807cc41}</UniqueIdentifier>
    </Filter>
    <Filter Include="Header Files\Events">
      <UniqueIdentifier>{e92540a3-ad08-4b30-a09f-b1e3215ae7f3}</UniqueIdentifier>
    </Filter>
    <Filter Include="Header Files\Events\Enums">
      <UniqueIdentifier>{200fd3ed-2003-4fd4-913b-f068ca1876ec}</UniqueIdentifier>
    </Filter>
    <Filter Include="Header Files\Object">
      <UniqueIdentifier>{dc5ebff8-c42f-49dd-90ab-8ec2303bb001}</UniqueIdentifier>
    </Filter>
  </ItemGroup>
  <ItemGroup>
    <ClCompile Include="main.cpp">
      <Filter>Source Files</Filter>
    </ClCompile>
    <ClCompile Include="JsonFacade.cpp">
      <Filter>Header Files\FileIO</Filter>
    </ClCompile>
    <ClCompile Include="ParticleEngine.cpp">
      <Filter>Header Files\Particle</Filter>
    </ClCompile>
    <ClCompile Include="ParticleFacade.cpp">
      <Filter>Header Files\Particle</Filter>
    </ClCompile>
    <ClCompile Include="FileParser.cpp">
      <Filter>Header Files\FileIO</Filter>
    </ClCompile>
    <ClCompile Include="PhysicsEngine.cpp">
      <Filter>Header Files\Physics</Filter>
    </ClCompile>
    <ClCompile Include="PhysicsFacade.cpp">
      <Filter>Header Files\Physics</Filter>
    </ClCompile>
    <ClCompile Include="Scene.cpp">
      <Filter>Header Files\Object</Filter>
    </ClCompile>
    <ClCompile Include="GeneralHelperFunctions.cpp">
      <Filter>Header Files\General</Filter>
    </ClCompile>
    <ClCompile Include="Engine.cpp">
      <Filter>Header Files</Filter>
    </ClCompile>
    <ClCompile Include="Object.cpp">
      <Filter>Header Files\Object</Filter>
    </ClCompile>
    <ClCompile Include="SVI.cpp">
      <Filter>Header Files\Sound &amp; Input &amp; Video\SDL2 Facade</Filter>
    </ClCompile>
    <ClCompile Include="SVI_Input.cpp">
      <Filter>Header Files\Sound &amp; Input &amp; Video\SDL2 Facade</Filter>
    </ClCompile>
    <ClCompile Include="SVI_Sound.cpp">
      <Filter>Header Files\Sound &amp; Input &amp; Video\SDL2 Facade</Filter>
    </ClCompile>
    <ClCompile Include="SVI_Video.cpp">
      <Filter>Header Files\Sound &amp; Input &amp; Video\SDL2 Facade</Filter>
    </ClCompile>
    <ClCompile Include="SVIEngine.cpp">
      <Filter>Header Files\Sound &amp; Input &amp; Video\SDL2 Wrapper</Filter>
    </ClCompile>
    <ClCompile Include="SceneManager.cpp">
      <Filter>Header Files\Object</Filter>
    </ClCompile>
    <ClCompile Include="EventManager.cpp">
      <Filter>Header Files\Events</Filter>
    </ClCompile>
    <ClCompile Include="SceneManager+ObjectModifiers.cpp">
      <Filter>Header Files\Object</Filter>
    </ClCompile>
    <ClCompile Include="Engine+ObjectModifiers.cpp">
      <Filter>Header Files</Filter>
    </ClCompile>
    <ClCompile Include="PhysicsBody.cpp">
      <Filter>Header Files\Physics</Filter>
    </ClCompile>
  </ItemGroup>
  <ItemGroup>
    <None Include="ClassDiagram.cd" />
  </ItemGroup>
  <ItemGroup>
    <ClInclude Include="Engine.h">
      <Filter>Header Files</Filter>
    </ClInclude>
    <ClInclude Include="FileParser.h">
      <Filter>Header Files\FileIO</Filter>
    </ClInclude>
    <ClInclude Include="IJsonFacade.h">
      <Filter>Header Files\FileIO</Filter>
    </ClInclude>
    <ClInclude Include="JsonFacade.h">
      <Filter>Header Files\FileIO</Filter>
    </ClInclude>
    <ClInclude Include="IParticleFacade.h">
      <Filter>Header Files\Particle</Filter>
    </ClInclude>
    <ClInclude Include="ParticleEngine.h">
      <Filter>Header Files\Particle</Filter>
    </ClInclude>
    <ClInclude Include="ParticleFacade.h">
      <Filter>Header Files\Particle</Filter>
    </ClInclude>
    <ClInclude Include="PhysicsFacade.h">
      <Filter>Header Files\Physics</Filter>
    </ClInclude>
    <ClInclude Include="PhysicsEngine.h">
      <Filter>Header Files\Physics</Filter>
    </ClInclude>
    <ClInclude Include="IPhysicsFacade.h">
      <Filter>Header Files\Physics</Filter>
    </ClInclude>
    <ClInclude Include="Scene.h">
      <Filter>Header Files\Object</Filter>
    </ClInclude>
    <ClInclude Include="Debug.h">
      <Filter>Header Files\General</Filter>
    </ClInclude>
    <ClInclude Include="ErrorCodes.h">
      <Filter>Header Files\General</Filter>
    </ClInclude>
    <ClInclude Include="Object.h">
      <Filter>Header Files\Object</Filter>
    </ClInclude>
    <ClInclude Include="Version.h">
      <Filter>Header Files\General</Filter>
    </ClInclude>
    <ClInclude Include="SVI.h">
      <Filter>Header Files\Sound &amp; Input &amp; Video\SDL2 Facade</Filter>
    </ClInclude>
    <ClInclude Include="ISVI.h">
      <Filter>Header Files\Sound &amp; Input &amp; Video\SDL2 Interface</Filter>
    </ClInclude>
    <ClInclude Include="SVIEngine.h">
      <Filter>Header Files\Sound &amp; Input &amp; Video\SDL2 Wrapper</Filter>
    </ClInclude>
    <ClInclude Include="SceneManager.h">
      <Filter>Header Files\Object</Filter>
    </ClInclude>
    <ClInclude Include="EventManager.h">
      <Filter>Header Files\Events</Filter>
    </ClInclude>
    <ClInclude Include="KeyEvent.h">
      <Filter>Header Files\Events\Enums</Filter>
    </ClInclude>
    <ClInclude Include="EventListener.h">
      <Filter>Header Files\Events</Filter>
    </ClInclude>
    <ClInclude Include="EventType.h">
      <Filter>Header Files\Events\Enums</Filter>
    </ClInclude>
    <ClInclude Include="GeneralDefines.h">
      <Filter>Header Files\General</Filter>
    </ClInclude>
    <ClInclude Include="PhysicsBody.h">
      <Filter>Header Files\Physics</Filter>
    </ClInclude>
  </ItemGroup>
  <ItemGroup>
    <Text Include="PointerUsage.txt" />
  </ItemGroup>
</Project>